
Microsoft Visual Studio Solution File, Format Version 12.00
# Visual Studio 15
VisualStudioVersion = 15.0.27004.2002
MinimumVisualStudioVersion = 10.0.40219.1
Project("{FAE04EC0-301F-11D3-BF4B-00C04F79EFBC}") = "VidlyFullStack", "VidlyFullStack\VidlyFullStack.csproj", "{3826B4C2-B6C0-42C1-8253-872D29CD3D36}"
EndProject
Project("{FAE04EC0-301F-11D3-BF4B-00C04F79EFBC}") = "DataAccess", "DataAccess\DataAccess.csproj", "{4B5721EF-225A-4490-BC44-80CCF4867CD0}"
EndProject
Project("{FAE04EC0-301F-11D3-BF4B-00C04F79EFBC}") = "WebApi", "WebApi\WebApi.csproj", "{FB925911-08A2-4A75-8874-5D54EE663383}"
EndProject
Global
	GlobalSection(SolutionConfigurationPlatforms) = preSolution
		Debug|Any CPU = Debug|Any CPU
		Release|Any CPU = Release|Any CPU
	EndGlobalSection
	GlobalSection(ProjectConfigurationPlatforms) = postSolution
		{3826B4C2-B6C0-42C1-8253-872D29CD3D36}.Debug|Any CPU.ActiveCfg = Debug|Any CPU
		{3826B4C2-B6C0-42C1-8253-872D29CD3D36}.Debug|Any CPU.Build.0 = Debug|Any CPU
		{3826B4C2-B6C0-42C1-8253-872D29CD3D36}.Release|Any CPU.ActiveCfg = Release|Any CPU
		{3826B4C2-B6C0-42C1-8253-872D29CD3D36}.Release|Any CPU.Build.0 = Release|Any CPU
		{4B5721EF-225A-4490-BC44-80CCF4867CD0}.Debug|Any CPU.ActiveCfg = Debug|Any CPU
		{4B5721EF-225A-4490-BC44-80CCF4867CD0}.Debug|Any CPU.Build.0 = Debug|Any CPU
		{4B5721EF-225A-4490-BC44-80CCF4867CD0}.Release|Any CPU.ActiveCfg = Release|Any CPU
		{4B5721EF-225A-4490-BC44-80CCF4867CD0}.Release|Any CPU.Build.0 = Release|Any CPU
		{FB925911-08A2-4A75-8874-5D54EE663383}.Debug|Any CPU.ActiveCfg = Debug|Any CPU
		{FB925911-08A2-4A75-8874-5D54EE663383}.Debug|Any CPU.Build.0 = Debug|Any CPU
		{FB925911-08A2-4A75-8874-5D54EE663383}.Release|Any CPU.ActiveCfg = Release|Any CPU
		{FB925911-08A2-4A75-8874-5D54EE663383}.Release|Any CPU.Build.0 = Release|Any CPU
	EndGlobalSection
	GlobalSection(SolutionProperties) = preSolution
		HideSolutionNode = FALSE
	EndGlobalSection
	GlobalSection(ExtensibilityGlobals) = postSolution
		SolutionGuid = {04CF66FC-D850-4F3E-A1F4-54027D7F9DC3}
	EndGlobalSection
EndGlobal
